
Microsoft Visual Studio Solution File, Format Version 12.00
# Visual Studio 14
VisualStudioVersion = 14.0.24720.0
MinimumVisualStudioVersion = 10.0.40219.1
Project("{FAE04EC0-301F-11D3-BF4B-00C04F79EFBC}") = "Extensions", "Extensions\Extensions.csproj", "{A35E2E13-8824-462A-9213-ED12CDFC2863}"
EndProject
Project("{FAE04EC0-301F-11D3-BF4B-00C04F79EFBC}") = "Extensions.Tests", "ExtensionsTests\Extensions.Tests.csproj", "{CA79C43E-42BD-4A31-82D5-33C9BCECD4A0}"
	ProjectSection(ProjectDependencies) = postProject
		{A35E2E13-8824-462A-9213-ED12CDFC2863} = {A35E2E13-8824-462A-9213-ED12CDFC2863}
	EndProjectSection
EndProject
Global
	GlobalSection(SolutionConfigurationPlatforms) = preSolution
		Debug|Any CPU = Debug|Any CPU
		Debug|ARM = Debug|ARM
		Debug|x64 = Debug|x64
		Debug|x86 = Debug|x86
		Release|Any CPU = Release|Any CPU
		Release|ARM = Release|ARM
		Release|x64 = Release|x64
		Release|x86 = Release|x86
	EndGlobalSection
	GlobalSection(ProjectConfigurationPlatforms) = postSolution
		{A35E2E13-8824-462A-9213-ED12CDFC2863}.Debug|Any CPU.ActiveCfg = Debug|Any CPU
		{A35E2E13-8824-462A-9213-ED12CDFC2863}.Debug|Any CPU.Build.0 = Debug|Any CPU
		{A35E2E13-8824-462A-9213-ED12CDFC2863}.Debug|ARM.ActiveCfg = Debug|ARM
		{A35E2E13-8824-462A-9213-ED12CDFC2863}.Debug|ARM.Build.0 = Debug|ARM
		{A35E2E13-8824-462A-9213-ED12CDFC2863}.Debug|x64.ActiveCfg = Debug|x64
		{A35E2E13-8824-462A-9213-ED12CDFC2863}.Debug|x64.Build.0 = Debug|x64
		{A35E2E13-8824-462A-9213-ED12CDFC2863}.Debug|x86.ActiveCfg = Debug|x86
		{A35E2E13-8824-462A-9213-ED12CDFC2863}.Debug|x86.Build.0 = Debug|x86
		{A35E2E13-8824-462A-9213-ED12CDFC2863}.Release|Any CPU.ActiveCfg = Release|Any CPU
		{A35E2E13-8824-462A-9213-ED12CDFC2863}.Release|Any CPU.Build.0 = Release|Any CPU
		{A35E2E13-8824-462A-9213-ED12CDFC2863}.Release|ARM.ActiveCfg = Release|ARM
		{A35E2E13-8824-462A-9213-ED12CDFC2863}.Release|ARM.Build.0 = Release|ARM
		{A35E2E13-8824-462A-9213-ED12CDFC2863}.Release|x64.ActiveCfg = Release|x64
		{A35E2E13-8824-462A-9213-ED12CDFC2863}.Release|x64.Build.0 = Release|x64
		{A35E2E13-8824-462A-9213-ED12CDFC2863}.Release|x86.ActiveCfg = Release|x86
		{A35E2E13-8824-462A-9213-ED12CDFC2863}.Release|x86.Build.0 = Release|x86
		{CA79C43E-42BD-4A31-82D5-33C9BCECD4A0}.Debug|Any CPU.ActiveCfg = Debug|x86
		{CA79C43E-42BD-4A31-82D5-33C9BCECD4A0}.Debug|Any CPU.Build.0 = Debug|x86
		{CA79C43E-42BD-4A31-82D5-33C9BCECD4A0}.Debug|ARM.ActiveCfg = Debug|ARM
		{CA79C43E-42BD-4A31-82D5-33C9BCECD4A0}.Debug|ARM.Build.0 = Debug|ARM
		{CA79C43E-42BD-4A31-82D5-33C9BCECD4A0}.Debug|ARM.Deploy.0 = Debug|ARM
		{CA79C43E-42BD-4A31-82D5-33C9BCECD4A0}.Debug|x64.ActiveCfg = Debug|x64
		{CA79C43E-42BD-4A31-82D5-33C9BCECD4A0}.Debug|x64.Build.0 = Debug|x64
		{CA79C43E-42BD-4A31-82D5-33C9BCECD4A0}.Debug|x64.Deploy.0 = Debug|x64
		{CA79C43E-42BD-4A31-82D5-33C9BCECD4A0}.Debug|x86.ActiveCfg = Debug|x86
		{CA79C43E-42BD-4A31-82D5-33C9BCECD4A0}.Debug|x86.Build.0 = Debug|x86
		{CA79C43E-42BD-4A31-82D5-33C9BCECD4A0}.Debug|x86.Deploy.0 = Debug|x86
		{CA79C43E-42BD-4A31-82D5-33C9BCECD4A0}.Release|Any CPU.ActiveCfg = Release|x86
		{CA79C43E-42BD-4A31-82D5-33C9BCECD4A0}.Release|ARM.ActiveCfg = Release|ARM
		{CA79C43E-42BD-4A31-82D5-33C9BCECD4A0}.Release|ARM.Build.0 = Release|ARM
		{CA79C43E-42BD-4A31-82D5-33C9BCECD4A0}.Release|ARM.Deploy.0 = Release|ARM
		{CA79C43E-42BD-4A31-82D5-33C9BCECD4A0}.Release|x64.ActiveCfg = Release|x64
		{CA79C43E-42BD-4A31-82D5-33C9BCECD4A0}.Release|x64.Build.0 = Release|x64
		{CA79C43E-42BD-4A31-82D5-33C9BCECD4A0}.Release|x64.Deploy.0 = Release|x64
		{CA79C43E-42BD-4A31-82D5-33C9BCECD4A0}.Release|x86.ActiveCfg = Release|x86
		{CA79C43E-42BD-4A31-82D5-33C9BCECD4A0}.Release|x86.Build.0 = Release|x86
		{CA79C43E-42BD-4A31-82D5-33C9BCECD4A0}.Release|x86.Deploy.0 = Release|x86
	EndGlobalSection
	GlobalSection(SolutionProperties) = preSolution
		HideSolutionNode = FALSE
	EndGlobalSection
EndGlobal
